
Microsoft Visual Studio Solution File, Format Version 11.00
# Visual Studio 2010
Project("{E24C65DC-7377-472B-9ABA-BC803B73C61A}") = "WanerDaoViews", "WanerDaoViews\", "{A9853E0F-F4AA-484A-AFB7-A2C6A4AFAB14}"
	ProjectSection(WebsiteProperties) = preProject
		TargetFrameworkMoniker = ".NETFramework,Version%3Dv3.5"
		ProjectReferences = "{88826250-8CAD-4F9E-8CDF-079F96E3F2BD}|WanerDaoBLLFactory.dll;{2DBE2894-4202-4EB2-8208-519CF7D1F90F}|WanerDaoModule.dll;{6783384B-4128-422F-B527-96AD1BCD7F1F}|WanerDaoCacheManager.dll;{AF2D721B-6B22-4325-84D3-E5EE6263BEC4}|WanerDaoDocuments.dll;{474D4B38-30EB-4513-A899-02F34330C91C}|WanerDaoExceptionManager.dll;{B9214DA2-61D5-46B0-8B8E-7008616A4824}|WanerDaoIBLL.dll;{97506175-F62F-4FC0-8886-B4FC0AF2BCEE}|WanerDaoModel.dll;{1F7D54F1-2D46-4126-B949-34CA86760A64}|WanerDaoBLL.dll;{843952B1-FE4A-48AA-A3FB-4F032125D4B1}|WanDaoDALFactory.dll;{15BE4610-A46E-4FE7-9E0A-37AC2F0B232A}|WanDaoIDAL.dll;{3A8B0E71-049F-4882-9851-FBD2EEFBD033}|WanDaoMySqlDAL.dll;{E2DB463D-754D-4F69-83B6-97C6991B4937}|WanerDaoPlugInManager.dll;{4A8E43A1-77E3-422E-816A-0D979FD54EAF}|WanerDaoComponent.dll;{CB4455DD-1ADD-463F-9701-44466509DF0E}|WanerDaoEmailQueue.dll;"
		Debug.AspNetCompiler.VirtualPath = "/WanerDaoViews"
		Debug.AspNetCompiler.PhysicalPath = "WanerDaoViews\"
		Debug.AspNetCompiler.TargetPath = "PrecompiledWeb\WanerDaoViews\"
		Debug.AspNetCompiler.Updateable = "true"
		Debug.AspNetCompiler.ForceOverwrite = "true"
		Debug.AspNetCompiler.FixedNames = "false"
		Debug.AspNetCompiler.Debug = "True"
		Release.AspNetCompiler.VirtualPath = "/WanerDaoViews"
		Release.AspNetCompiler.PhysicalPath = "WanerDaoViews\"
		Release.AspNetCompiler.TargetPath = "PrecompiledWeb\WanerDaoViews\"
		Release.AspNetCompiler.Updateable = "true"
		Release.AspNetCompiler.ForceOverwrite = "true"
		Release.AspNetCompiler.FixedNames = "false"
		Release.AspNetCompiler.Debug = "False"
		VWDPort = "8503"
		VWDVirtualPath = "/"
	EndProjectSection
EndProject
Project("{FAE04EC0-301F-11D3-BF4B-00C04F79EFBC}") = "WanerDaoDALFactory", "WanerDaoDALFactory\WanerDaoDALFactory.csproj", "{843952B1-FE4A-48AA-A3FB-4F032125D4B1}"
EndProject
Project("{FAE04EC0-301F-11D3-BF4B-00C04F79EFBC}") = "WanerDaoIDAL", "WanerDaoIDAL\WanerDaoIDAL.csproj", "{15BE4610-A46E-4FE7-9E0A-37AC2F0B232A}"
EndProject
Project("{FAE04EC0-301F-11D3-BF4B-00C04F79EFBC}") = "WanerDaoMySqlDAL", "WanerDaoMySqlDAL\WanerDaoMySqlDAL.csproj", "{3A8B0E71-049F-4882-9851-FBD2EEFBD033}"
EndProject
Project("{FAE04EC0-301F-11D3-BF4B-00C04F79EFBC}") = "WanerDaoExceptionManager", "WanerDaoExceptionManager\WanerDaoExceptionManager.csproj", "{474D4B38-30EB-4513-A899-02F34330C91C}"
EndProject
Project("{FAE04EC0-301F-11D3-BF4B-00C04F79EFBC}") = "WanerDaoCacheManager", "WanerDaoCacheManager\WanerDaoCacheManager.csproj", "{6783384B-4128-422F-B527-96AD1BCD7F1F}"
EndProject
Project("{FAE04EC0-301F-11D3-BF4B-00C04F79EFBC}") = "WanerDaoModel", "WanerDaoModel\WanerDaoModel.csproj", "{97506175-F62F-4FC0-8886-B4FC0AF2BCEE}"
EndProject
Project("{FAE04EC0-301F-11D3-BF4B-00C04F79EFBC}") = "WanerDaoModule", "WanerDaoModule\WanerDaoModule.csproj", "{2DBE2894-4202-4EB2-8208-519CF7D1F90F}"
EndProject
Project("{FAE04EC0-301F-11D3-BF4B-00C04F79EFBC}") = "WanerDaoIBLL", "WanerDaoIBLL\WanerDaoIBLL.csproj", "{B9214DA2-61D5-46B0-8B8E-7008616A4824}"
EndProject
Project("{FAE04EC0-301F-11D3-BF4B-00C04F79EFBC}") = "WanerDaoBLL", "WanerDaoBLL\WanerDaoBLL.csproj", "{1F7D54F1-2D46-4126-B949-34CA86760A64}"
	ProjectSection(ProjectDependencies) = postProject
		{474D4B38-30EB-4513-A899-02F34330C91C} = {474D4B38-30EB-4513-A899-02F34330C91C}
		{97506175-F62F-4FC0-8886-B4FC0AF2BCEE} = {97506175-F62F-4FC0-8886-B4FC0AF2BCEE}
		{2DBE2894-4202-4EB2-8208-519CF7D1F90F} = {2DBE2894-4202-4EB2-8208-519CF7D1F90F}
		{B9214DA2-61D5-46B0-8B8E-7008616A4824} = {B9214DA2-61D5-46B0-8B8E-7008616A4824}
	EndProjectSection
EndProject
Project("{FAE04EC0-301F-11D3-BF4B-00C04F79EFBC}") = "WanerDaoBLLFactory", "WanerDaoFactory\WanerDaoBLLFactory.csproj", "{88826250-8CAD-4F9E-8CDF-079F96E3F2BD}"
EndProject
Project("{FAE04EC0-301F-11D3-BF4B-00C04F79EFBC}") = "WanerDaoPlugInManager", "WanerDaoPlugInManager\WanerDaoPlugInManager.csproj", "{E2DB463D-754D-4F69-83B6-97C6991B4937}"
EndProject
Project("{E24C65DC-7377-472B-9ABA-BC803B73C61A}") = "WanerDaoChatManager", "WanerDaoChatManager\", "{8D9E56A1-2F3D-495E-AD1C-109B8267EDA0}"
	ProjectSection(WebsiteProperties) = preProject
		TargetFrameworkMoniker = ".NETFramework,Version%3Dv3.5"
		ProjectReferences = "{88826250-8CAD-4F9E-8CDF-079F96E3F2BD}|WanerDaoBLLFactory.dll;{B9214DA2-61D5-46B0-8B8E-7008616A4824}|WanerDaoIBLL.dll;{97506175-F62F-4FC0-8886-B4FC0AF2BCEE}|WanerDaoModel.dll;{2DBE2894-4202-4EB2-8208-519CF7D1F90F}|WanerDaoModule.dll;{6783384B-4128-422F-B527-96AD1BCD7F1F}|WanerDaoCacheManager.dll;{AF2D721B-6B22-4325-84D3-E5EE6263BEC4}|WanerDaoDocuments.dll;{474D4B38-30EB-4513-A899-02F34330C91C}|WanerDaoExceptionManager.dll;{1F7D54F1-2D46-4126-B949-34CA86760A64}|WanerDaoBLL.dll;{843952B1-FE4A-48AA-A3FB-4F032125D4B1}|WanDaoDALFactory.dll;{15BE4610-A46E-4FE7-9E0A-37AC2F0B232A}|WanDaoIDAL.dll;{E2DB463D-754D-4F69-83B6-97C6991B4937}|WanerDaoPlugInManager.dll;{4A8E43A1-77E3-422E-816A-0D979FD54EAF}|WanerDaoComponent.dll;{CB4455DD-1ADD-463F-9701-44466509DF0E}|WanerDaoEmailQueue.dll;"
		Debug.AspNetCompiler.VirtualPath = "/WanerDaoChatManager"
		Debug.AspNetCompiler.PhysicalPath = "WanerDaoChatManager\"
		Debug.AspNetCompiler.TargetPath = "PrecompiledWeb\WanerDaoChatManager\"
		Debug.AspNetCompiler.Updateable = "true"
		Debug.AspNetCompiler.ForceOverwrite = "true"
		Debug.AspNetCompiler.FixedNames = "false"
		Debug.AspNetCompiler.Debug = "True"
		Release.AspNetCompiler.VirtualPath = "/WanerDaoChatManager"
		Release.AspNetCompiler.PhysicalPath = "WanerDaoChatManager\"
		Release.AspNetCompiler.TargetPath = "PrecompiledWeb\WanerDaoChatManager\"
		Release.AspNetCompiler.Updateable = "true"
		Release.AspNetCompiler.ForceOverwrite = "true"
		Release.AspNetCompiler.FixedNames = "false"
		Release.AspNetCompiler.Debug = "False"
		VWDPort = "8505"
		DefaultWebSiteLanguage = "Visual C#"
	EndProjectSection
EndProject
Project("{FAE04EC0-301F-11D3-BF4B-00C04F79EFBC}") = "WanerDaoDocuments", "WanerDaoDocuments\WanerDaoDocuments.csproj", "{AF2D721B-6B22-4325-84D3-E5EE6263BEC4}"
EndProject
Project("{FAE04EC0-301F-11D3-BF4B-00C04F79EFBC}") = "WanerDaoWorkDir", "WanerDaoWorkDir\WanerDaoWorkDir.csproj", "{9D83BD2E-8D84-4748-A884-F6DDACF3C8AC}"
EndProject
Project("{FAE04EC0-301F-11D3-BF4B-00C04F79EFBC}") = "WanerDaoEmail", "WanerDaoEmail\WanerDaoEmail.csproj", "{147A4430-CC0F-4081-A615-1B9925B3FF96}"
EndProject
Project("{FAE04EC0-301F-11D3-BF4B-00C04F79EFBC}") = "WanerDaoUnitTest", "WanerDaoUnitTest\WanerDaoUnitTest.csproj", "{098FA498-D6A7-42CA-9EAE-A1C9CB12861E}"
EndProject
Project("{FAE04EC0-301F-11D3-BF4B-00C04F79EFBC}") = "WanerDaoComponent", "WanerDaoComponent\WanerDaoComponent.csproj", "{4A8E43A1-77E3-422E-816A-0D979FD54EAF}"
EndProject
Project("{FAE04EC0-301F-11D3-BF4B-00C04F79EFBC}") = "WanerDaoPluginService", "WanerDaoPluginService\WanerDaoPluginService.csproj", "{34B78607-322B-4D08-B013-351891952BB6}"
EndProject
Project("{FAE04EC0-301F-11D3-BF4B-00C04F79EFBC}") = "WanerDaoPollingService", "WanerDaoPollingService\WanerDaoPollingService.csproj", "{DFE4C954-F922-485A-B096-E9DF7305B9EB}"
EndProject
Project("{E24C65DC-7377-472B-9ABA-BC803B73C61A}") = "WanerDaoViews2.0", "WanerDaoViews2.0\", "{4A391C85-B73D-4CD3-9E52-C885DECB3C60}"
	ProjectSection(WebsiteProperties) = preProject
		TargetFrameworkMoniker = ".NETFramework,Version%3Dv3.5"
		ProjectReferences = "{2DBE2894-4202-4EB2-8208-519CF7D1F90F}|WanerDaoModule.dll;{6783384B-4128-422F-B527-96AD1BCD7F1F}|WanerDaoCacheManager.dll;{AF2D721B-6B22-4325-84D3-E5EE6263BEC4}|WanerDaoDocuments.dll;{474D4B38-30EB-4513-A899-02F34330C91C}|WanerDaoExceptionManager.dll;{1F7D54F1-2D46-4126-B949-34CA86760A64}|WanerDaoBLL.dll;{843952B1-FE4A-48AA-A3FB-4F032125D4B1}|WanDaoDALFactory.dll;{15BE4610-A46E-4FE7-9E0A-37AC2F0B232A}|WanDaoIDAL.dll;{4A8E43A1-77E3-422E-816A-0D979FD54EAF}|WanerDaoComponent.dll;{97506175-F62F-4FC0-8886-B4FC0AF2BCEE}|WanerDaoModel.dll;{B9214DA2-61D5-46B0-8B8E-7008616A4824}|WanerDaoIBLL.dll;{E2DB463D-754D-4F69-83B6-97C6991B4937}|WanerDaoPlugInManager.dll;{3A8B0E71-049F-4882-9851-FBD2EEFBD033}|WanDaoMySqlDAL.dll;{88826250-8CAD-4F9E-8CDF-079F96E3F2BD}|WanerDaoBLLFactory.dll;{CB4455DD-1ADD-463F-9701-44466509DF0E}|WanerDaoEmailQueue.dll;"
		Debug.AspNetCompiler.VirtualPath = "/WanerDaoViews2.0"
		Debug.AspNetCompiler.PhysicalPath = "WanerDaoViews2.0\"
		Debug.AspNetCompiler.TargetPath = "PrecompiledWeb\WanerDaoViews2.0\"
		Debug.AspNetCompiler.Updateable = "true"
		Debug.AspNetCompiler.ForceOverwrite = "true"
		Debug.AspNetCompiler.FixedNames = "false"
		Debug.AspNetCompiler.Debug = "True"
		Release.AspNetCompiler.VirtualPath = "/WanerDaoViews2.0"
		Release.AspNetCompiler.PhysicalPath = "WanerDaoViews2.0\"
		Release.AspNetCompiler.TargetPath = "PrecompiledWeb\WanerDaoViews2.0\"
		Release.AspNetCompiler.Updateable = "true"
		Release.AspNetCompiler.ForceOverwrite = "true"
		Release.AspNetCompiler.FixedNames = "false"
		Release.AspNetCompiler.Debug = "False"
		VWDPort = "39205"
		VWDVirtualPath = "/"
		DefaultWebSiteLanguage = "Visual C#"
	EndProjectSection
EndProject
Project("{FAE04EC0-301F-11D3-BF4B-00C04F79EFBC}") = "WanerDaoEmailQueue", "WanerDaoEmailQueue\WanerDaoEmailQueue.csproj", "{CB4455DD-1ADD-463F-9701-44466509DF0E}"
EndProject
Project("{E24C65DC-7377-472B-9ABA-BC803B73C61A}") = "WanerDaoView2.0_EN", "WanerDaoView2.0_EN\", "{B7FD61B7-845A-48FA-A6B9-CCAF484F8839}"
	ProjectSection(WebsiteProperties) = preProject
		TargetFrameworkMoniker = ".NETFramework,Version%3Dv4.0"
		ProjectReferences = "{88826250-8CAD-4F9E-8CDF-079F96E3F2BD}|WanerDaoBLLFactory.dll;{1F7D54F1-2D46-4126-B949-34CA86760A64}|WanerDaoBLL.dll;{843952B1-FE4A-48AA-A3FB-4F032125D4B1}|WanDaoDALFactory.dll;{15BE4610-A46E-4FE7-9E0A-37AC2F0B232A}|WanDaoIDAL.dll;{474D4B38-30EB-4513-A899-02F34330C91C}|WanerDaoExceptionManager.dll;{2DBE2894-4202-4EB2-8208-519CF7D1F90F}|WanerDaoModule.dll;{6783384B-4128-422F-B527-96AD1BCD7F1F}|WanerDaoCacheManager.dll;{AF2D721B-6B22-4325-84D3-E5EE6263BEC4}|WanerDaoDocuments.dll;{4A8E43A1-77E3-422E-816A-0D979FD54EAF}|WanerDaoComponent.dll;{97506175-F62F-4FC0-8886-B4FC0AF2BCEE}|WanerDaoModel.dll;{CB4455DD-1ADD-463F-9701-44466509DF0E}|WanerDaoEmailQueue.dll;{B9214DA2-61D5-46B0-8B8E-7008616A4824}|WanerDaoIBLL.dll;{E2DB463D-754D-4F69-83B6-97C6991B4937}|WanerDaoPlugInManager.dll;"
		Debug.AspNetCompiler.VirtualPath = "/WanerDaoView2.0_EN"
		Debug.AspNetCompiler.PhysicalPath = "WanerDaoView2.0_EN\"
		Debug.AspNetCompiler.TargetPath = "PrecompiledWeb\WanerDaoView2.0_EN\"
		Debug.AspNetCompiler.Updateable = "true"
		Debug.AspNetCompiler.ForceOverwrite = "true"
		Debug.AspNetCompiler.FixedNames = "false"
		Debug.AspNetCompiler.Debug = "True"
		Release.AspNetCompiler.VirtualPath = "/WanerDaoView2.0_EN"
		Release.AspNetCompiler.PhysicalPath = "WanerDaoView2.0_EN\"
		Release.AspNetCompiler.TargetPath = "PrecompiledWeb\WanerDaoView2.0_EN\"
		Release.AspNetCompiler.Updateable = "true"
		Release.AspNetCompiler.ForceOverwrite = "true"
		Release.AspNetCompiler.FixedNames = "false"
		Release.AspNetCompiler.Debug = "False"
		VWDPort = "16649"
		VWDDynamicPort = "false"
		VWDVirtualPath = "/"
		DefaultWebSiteLanguage = "Visual C#"
	EndProjectSection
EndProject
Project("{FAE04EC0-301F-11D3-BF4B-00C04F79EFBC}") = "WanerDaoFileCloudService", "WanerDaoFileCloudService\WanerDaoFileCloudService.csproj", "{7BE3F76F-0FFF-4719-85B3-68E94AA191EE}"
EndProject
Global
	GlobalSection(TestCaseManagementSettings) = postSolution
		CategoryFile = WanerDao2.0.vsmdi
	EndGlobalSection
	GlobalSection(SolutionConfigurationPlatforms) = preSolution
		Debug|Any CPU = Debug|Any CPU
		Debug|Mixed Platforms = Debug|Mixed Platforms
		Debug|x86 = Debug|x86
		Release|Any CPU = Release|Any CPU
		Release|Mixed Platforms = Release|Mixed Platforms
		Release|x86 = Release|x86
	EndGlobalSection
	GlobalSection(ProjectConfigurationPlatforms) = postSolution
		{A9853E0F-F4AA-484A-AFB7-A2C6A4AFAB14}.Debug|Any CPU.ActiveCfg = Debug|Any CPU
		{A9853E0F-F4AA-484A-AFB7-A2C6A4AFAB14}.Debug|Any CPU.Build.0 = Debug|Any CPU
		{A9853E0F-F4AA-484A-AFB7-A2C6A4AFAB14}.Debug|Mixed Platforms.ActiveCfg = Debug|Any CPU
		{A9853E0F-F4AA-484A-AFB7-A2C6A4AFAB14}.Debug|Mixed Platforms.Build.0 = Debug|Any CPU
		{A9853E0F-F4AA-484A-AFB7-A2C6A4AFAB14}.Debug|x86.ActiveCfg = Debug|Any CPU
		{A9853E0F-F4AA-484A-AFB7-A2C6A4AFAB14}.Release|Any CPU.ActiveCfg = Debug|Any CPU
		{A9853E0F-F4AA-484A-AFB7-A2C6A4AFAB14}.Release|Any CPU.Build.0 = Debug|Any CPU
		{A9853E0F-F4AA-484A-AFB7-A2C6A4AFAB14}.Release|Mixed Platforms.ActiveCfg = Debug|Any CPU
		{A9853E0F-F4AA-484A-AFB7-A2C6A4AFAB14}.Release|Mixed Platforms.Build.0 = Debug|Any CPU
		{A9853E0F-F4AA-484A-AFB7-A2C6A4AFAB14}.Release|x86.ActiveCfg = Debug|Any CPU
		{843952B1-FE4A-48AA-A3FB-4F032125D4B1}.Debug|Any CPU.ActiveCfg = Debug|Any CPU
		{843952B1-FE4A-48AA-A3FB-4F032125D4B1}.Debug|Any CPU.Build.0 = Debug|Any CPU
		{843952B1-FE4A-48AA-A3FB-4F032125D4B1}.Debug|Mixed Platforms.ActiveCfg = Debug|Any CPU
		{843952B1-FE4A-48AA-A3FB-4F032125D4B1}.Debug|Mixed Platforms.Build.0 = Debug|Any CPU
		{843952B1-FE4A-48AA-A3FB-4F032125D4B1}.Debug|x86.ActiveCfg = Debug|Any CPU
		{843952B1-FE4A-48AA-A3FB-4F032125D4B1}.Release|Any CPU.ActiveCfg = Release|Any CPU
		{843952B1-FE4A-48AA-A3FB-4F032125D4B1}.Release|Any CPU.Build.0 = Release|Any CPU
		{843952B1-FE4A-48AA-A3FB-4F032125D4B1}.Release|Mixed Platforms.ActiveCfg = Release|Any CPU
		{843952B1-FE4A-48AA-A3FB-4F032125D4B1}.Release|Mixed Platforms.Build.0 = Release|Any CPU
		{843952B1-FE4A-48AA-A3FB-4F032125D4B1}.Release|x86.ActiveCfg = Release|Any CPU
		{15BE4610-A46E-4FE7-9E0A-37AC2F0B232A}.Debug|Any CPU.ActiveCfg = Debug|Any CPU
		{15BE4610-A46E-4FE7-9E0A-37AC2F0B232A}.Debug|Any CPU.Build.0 = Debug|Any CPU
		{15BE4610-A46E-4FE7-9E0A-37AC2F0B232A}.Debug|Mixed Platforms.ActiveCfg = Debug|Any CPU
		{15BE4610-A46E-4FE7-9E0A-37AC2F0B232A}.Debug|Mixed Platforms.Build.0 = Debug|Any CPU
		{15BE4610-A46E-4FE7-9E0A-37AC2F0B232A}.Debug|x86.ActiveCfg = Debug|Any CPU
		{15BE4610-A46E-4FE7-9E0A-37AC2F0B232A}.Release|Any CPU.ActiveCfg = Release|Any CPU
		{15BE4610-A46E-4FE7-9E0A-37AC2F0B232A}.Release|Any CPU.Build.0 = Release|Any CPU
		{15BE4610-A46E-4FE7-9E0A-37AC2F0B232A}.Release|Mixed Platforms.ActiveCfg = Release|Any CPU
		{15BE4610-A46E-4FE7-9E0A-37AC2F0B232A}.Release|Mixed Platforms.Build.0 = Release|Any CPU
		{15BE4610-A46E-4FE7-9E0A-37AC2F0B232A}.Release|x86.ActiveCfg = Release|Any CPU
		{3A8B0E71-049F-4882-9851-FBD2EEFBD033}.Debug|Any CPU.ActiveCfg = Debug|Any CPU
		{3A8B0E71-049F-4882-9851-FBD2EEFBD033}.Debug|Any CPU.Build.0 = Debug|Any CPU
		{3A8B0E71-049F-4882-9851-FBD2EEFBD033}.Debug|Mixed Platforms.ActiveCfg = Debug|Any CPU
		{3A8B0E71-049F-4882-9851-FBD2EEFBD033}.Debug|Mixed Platforms.Build.0 = Debug|Any CPU
		{3A8B0E71-049F-4882-9851-FBD2EEFBD033}.Debug|x86.ActiveCfg = Debug|Any CPU
		{3A8B0E71-049F-4882-9851-FBD2EEFBD033}.Release|Any CPU.ActiveCfg = Release|Any CPU
		{3A8B0E71-049F-4882-9851-FBD2EEFBD033}.Release|Any CPU.Build.0 = Release|Any CPU
		{3A8B0E71-049F-4882-9851-FBD2EEFBD033}.Release|Mixed Platforms.ActiveCfg = Release|Any CPU
		{3A8B0E71-049F-4882-9851-FBD2EEFBD033}.Release|Mixed Platforms.Build.0 = Release|Any CPU
		{3A8B0E71-049F-4882-9851-FBD2EEFBD033}.Release|x86.ActiveCfg = Release|Any CPU
		{474D4B38-30EB-4513-A899-02F34330C91C}.Debug|Any CPU.ActiveCfg = Debug|Any CPU
		{474D4B38-30EB-4513-A899-02F34330C91C}.Debug|Any CPU.Build.0 = Debug|Any CPU
		{474D4B38-30EB-4513-A899-02F34330C91C}.Debug|Mixed Platforms.ActiveCfg = Debug|Any CPU
		{474D4B38-30EB-4513-A899-02F34330C91C}.Debug|Mixed Platforms.Build.0 = Debug|Any CPU
		{474D4B38-30EB-4513-A899-02F34330C91C}.Debug|x86.ActiveCfg = Debug|Any CPU
		{474D4B38-30EB-4513-A899-02F34330C91C}.Release|Any CPU.ActiveCfg = Release|Any CPU
		{474D4B38-30EB-4513-A899-02F34330C91C}.Release|Any CPU.Build.0 = Release|Any CPU
		{474D4B38-30EB-4513-A899-02F34330C91C}.Release|Mixed Platforms.ActiveCfg = Release|Any CPU
		{474D4B38-30EB-4513-A899-02F34330C91C}.Release|Mixed Platforms.Build.0 = Release|Any CPU
		{474D4B38-30EB-4513-A899-02F34330C91C}.Release|x86.ActiveCfg = Release|Any CPU
		{6783384B-4128-422F-B527-96AD1BCD7F1F}.Debug|Any CPU.ActiveCfg = Debug|Any CPU
		{6783384B-4128-422F-B527-96AD1BCD7F1F}.Debug|Any CPU.Build.0 = Debug|Any CPU
		{6783384B-4128-422F-B527-96AD1BCD7F1F}.Debug|Mixed Platforms.ActiveCfg = Debug|Any CPU
		{6783384B-4128-422F-B527-96AD1BCD7F1F}.Debug|Mixed Platforms.Build.0 = Debug|Any CPU
		{6783384B-4128-422F-B527-96AD1BCD7F1F}.Debug|x86.ActiveCfg = Debug|Any CPU
		{6783384B-4128-422F-B527-96AD1BCD7F1F}.Release|Any CPU.ActiveCfg = Release|Any CPU
		{6783384B-4128-422F-B527-96AD1BCD7F1F}.Release|Any CPU.Build.0 = Release|Any CPU
		{6783384B-4128-422F-B527-96AD1BCD7F1F}.Release|Mixed Platforms.ActiveCfg = Release|Any CPU
		{6783384B-4128-422F-B527-96AD1BCD7F1F}.Release|Mixed Platforms.Build.0 = Release|Any CPU
		{6783384B-4128-422F-B527-96AD1BCD7F1F}.Release|x86.ActiveCfg = Release|Any CPU
		{97506175-F62F-4FC0-8886-B4FC0AF2BCEE}.Debug|Any CPU.ActiveCfg = Debug|Any CPU
		{97506175-F62F-4FC0-8886-B4FC0AF2BCEE}.Debug|Any CPU.Build.0 = Debug|Any CPU
		{97506175-F62F-4FC0-8886-B4FC0AF2BCEE}.Debug|Mixed Platforms.ActiveCfg = Debug|Any CPU
		{97506175-F62F-4FC0-8886-B4FC0AF2BCEE}.Debug|Mixed Platforms.Build.0 = Debug|Any CPU
		{97506175-F62F-4FC0-8886-B4FC0AF2BCEE}.Debug|x86.ActiveCfg = Debug|Any CPU
		{97506175-F62F-4FC0-8886-B4FC0AF2BCEE}.Release|Any CPU.ActiveCfg = Release|Any CPU
		{97506175-F62F-4FC0-8886-B4FC0AF2BCEE}.Release|Any CPU.Build.0 = Release|Any CPU
		{97506175-F62F-4FC0-8886-B4FC0AF2BCEE}.Release|Mixed Platforms.ActiveCfg = Release|Any CPU
		{97506175-F62F-4FC0-8886-B4FC0AF2BCEE}.Release|Mixed Platforms.Build.0 = Release|Any CPU
		{97506175-F62F-4FC0-8886-B4FC0AF2BCEE}.Release|x86.ActiveCfg = Release|Any CPU
		{2DBE2894-4202-4EB2-8208-519CF7D1F90F}.Debug|Any CPU.ActiveCfg = Debug|Any CPU
		{2DBE2894-4202-4EB2-8208-519CF7D1F90F}.Debug|Any CPU.Build.0 = Debug|Any CPU
		{2DBE2894-4202-4EB2-8208-519CF7D1F90F}.Debug|Mixed Platforms.ActiveCfg = Debug|Any CPU
		{2DBE2894-4202-4EB2-8208-519CF7D1F90F}.Debug|Mixed Platforms.Build.0 = Debug|Any CPU
		{2DBE2894-4202-4EB2-8208-519CF7D1F90F}.Debug|x86.ActiveCfg = Debug|Any CPU
		{2DBE2894-4202-4EB2-8208-519CF7D1F90F}.Release|Any CPU.ActiveCfg = Release|Any CPU
		{2DBE2894-4202-4EB2-8208-519CF7D1F90F}.Release|Any CPU.Build.0 = Release|Any CPU
		{2DBE2894-4202-4EB2-8208-519CF7D1F90F}.Release|Mixed Platforms.ActiveCfg = Release|Any CPU
		{2DBE2894-4202-4EB2-8208-519CF7D1F90F}.Release|Mixed Platforms.Build.0 = Release|Any CPU
		{2DBE2894-4202-4EB2-8208-519CF7D1F90F}.Release|x86.ActiveCfg = Release|Any CPU
		{B9214DA2-61D5-46B0-8B8E-7008616A4824}.Debug|Any CPU.ActiveCfg = Debug|Any CPU
		{B9214DA2-61D5-46B0-8B8E-7008616A4824}.Debug|Any CPU.Build.0 = Debug|Any CPU
		{B9214DA2-61D5-46B0-8B8E-7008616A4824}.Debug|Mixed Platforms.ActiveCfg = Debug|Any CPU
		{B9214DA2-61D5-46B0-8B8E-7008616A4824}.Debug|Mixed Platforms.Build.0 = Debug|Any CPU
		{B9214DA2-61D5-46B0-8B8E-7008616A4824}.Debug|x86.ActiveCfg = Debug|Any CPU
		{B9214DA2-61D5-46B0-8B8E-7008616A4824}.Release|Any CPU.ActiveCfg = Release|Any CPU
		{B9214DA2-61D5-46B0-8B8E-7008616A4824}.Release|Any CPU.Build.0 = Release|Any CPU
		{B9214DA2-61D5-46B0-8B8E-7008616A4824}.Release|Mixed Platforms.ActiveCfg = Release|Any CPU
		{B9214DA2-61D5-46B0-8B8E-7008616A4824}.Release|Mixed Platforms.Build.0 = Release|Any CPU
		{B9214DA2-61D5-46B0-8B8E-7008616A4824}.Release|x86.ActiveCfg = Release|Any CPU
		{1F7D54F1-2D46-4126-B949-34CA86760A64}.Debug|Any CPU.ActiveCfg = Debug|Any CPU
		{1F7D54F1-2D46-4126-B949-34CA86760A64}.Debug|Any CPU.Build.0 = Debug|Any CPU
		{1F7D54F1-2D46-4126-B949-34CA86760A64}.Debug|Mixed Platforms.ActiveCfg = Debug|Any CPU
		{1F7D54F1-2D46-4126-B949-34CA86760A64}.Debug|Mixed Platforms.Build.0 = Debug|Any CPU
		{1F7D54F1-2D46-4126-B949-34CA86760A64}.Debug|x86.ActiveCfg = Debug|Any CPU
		{1F7D54F1-2D46-4126-B949-34CA86760A64}.Release|Any CPU.ActiveCfg = Release|Any CPU
		{1F7D54F1-2D46-4126-B949-34CA86760A64}.Release|Any CPU.Build.0 = Release|Any CPU
		{1F7D54F1-2D46-4126-B949-34CA86760A64}.Release|Mixed Platforms.ActiveCfg = Release|Any CPU
		{1F7D54F1-2D46-4126-B949-34CA86760A64}.Release|Mixed Platforms.Build.0 = Release|Any CPU
		{1F7D54F1-2D46-4126-B949-34CA86760A64}.Release|x86.ActiveCfg = Release|Any CPU
		{88826250-8CAD-4F9E-8CDF-079F96E3F2BD}.Debug|Any CPU.ActiveCfg = Debug|Any CPU
		{88826250-8CAD-4F9E-8CDF-079F96E3F2BD}.Debug|Any CPU.Build.0 = Debug|Any CPU
		{88826250-8CAD-4F9E-8CDF-079F96E3F2BD}.Debug|Mixed Platforms.ActiveCfg = Debug|Any CPU
		{88826250-8CAD-4F9E-8CDF-079F96E3F2BD}.Debug|Mixed Platforms.Build.0 = Debug|Any CPU
		{88826250-8CAD-4F9E-8CDF-079F96E3F2BD}.Debug|x86.ActiveCfg = Debug|Any CPU
		{88826250-8CAD-4F9E-8CDF-079F96E3F2BD}.Release|Any CPU.ActiveCfg = Release|Any CPU
		{88826250-8CAD-4F9E-8CDF-079F96E3F2BD}.Release|Any CPU.Build.0 = Release|Any CPU
		{88826250-8CAD-4F9E-8CDF-079F96E3F2BD}.Release|Mixed Platforms.ActiveCfg = Release|Any CPU
		{88826250-8CAD-4F9E-8CDF-079F96E3F2BD}.Release|Mixed Platforms.Build.0 = Release|Any CPU
		{88826250-8CAD-4F9E-8CDF-079F96E3F2BD}.Release|x86.ActiveCfg = Release|Any CPU
		{E2DB463D-754D-4F69-83B6-97C6991B4937}.Debug|Any CPU.ActiveCfg = Debug|Any CPU
		{E2DB463D-754D-4F69-83B6-97C6991B4937}.Debug|Any CPU.Build.0 = Debug|Any CPU
		{E2DB463D-754D-4F69-83B6-97C6991B4937}.Debug|Mixed Platforms.ActiveCfg = Debug|Any CPU
		{E2DB463D-754D-4F69-83B6-97C6991B4937}.Debug|Mixed Platforms.Build.0 = Debug|Any CPU
		{E2DB463D-754D-4F69-83B6-97C6991B4937}.Debug|x86.ActiveCfg = Debug|Any CPU
		{E2DB463D-754D-4F69-83B6-97C6991B4937}.Release|Any CPU.ActiveCfg = Release|Any CPU
		{E2DB463D-754D-4F69-83B6-97C6991B4937}.Release|Any CPU.Build.0 = Release|Any CPU
		{E2DB463D-754D-4F69-83B6-97C6991B4937}.Release|Mixed Platforms.ActiveCfg = Release|Any CPU
		{E2DB463D-754D-4F69-83B6-97C6991B4937}.Release|Mixed Platforms.Build.0 = Release|Any CPU
		{E2DB463D-754D-4F69-83B6-97C6991B4937}.Release|x86.ActiveCfg = Release|Any CPU
		{8D9E56A1-2F3D-495E-AD1C-109B8267EDA0}.Debug|Any CPU.ActiveCfg = Debug|Any CPU
		{8D9E56A1-2F3D-495E-AD1C-109B8267EDA0}.Debug|Any CPU.Build.0 = Debug|Any CPU
		{8D9E56A1-2F3D-495E-AD1C-109B8267EDA0}.Debug|Mixed Platforms.ActiveCfg = Debug|Any CPU
		{8D9E56A1-2F3D-495E-AD1C-109B8267EDA0}.Debug|Mixed Platforms.Build.0 = Debug|Any CPU
		{8D9E56A1-2F3D-495E-AD1C-109B8267EDA0}.Debug|x86.ActiveCfg = Debug|Any CPU
		{8D9E56A1-2F3D-495E-AD1C-109B8267EDA0}.Release|Any CPU.ActiveCfg = Debug|Any CPU
		{8D9E56A1-2F3D-495E-AD1C-109B8267EDA0}.Release|Any CPU.Build.0 = Debug|Any CPU
		{8D9E56A1-2F3D-495E-AD1C-109B8267EDA0}.Release|Mixed Platforms.ActiveCfg = Debug|Any CPU
		{8D9E56A1-2F3D-495E-AD1C-109B8267EDA0}.Release|Mixed Platforms.Build.0 = Debug|Any CPU
		{8D9E56A1-2F3D-495E-AD1C-109B8267EDA0}.Release|x86.ActiveCfg = Debug|Any CPU
		{AF2D721B-6B22-4325-84D3-E5EE6263BEC4}.Debug|Any CPU.ActiveCfg = Debug|Any CPU
		{AF2D721B-6B22-4325-84D3-E5EE6263BEC4}.Debug|Any CPU.Build.0 = Debug|Any CPU
		{AF2D721B-6B22-4325-84D3-E5EE6263BEC4}.Debug|Mixed Platforms.ActiveCfg = Debug|Any CPU
		{AF2D721B-6B22-4325-84D3-E5EE6263BEC4}.Debug|Mixed Platforms.Build.0 = Debug|Any CPU
		{AF2D721B-6B22-4325-84D3-E5EE6263BEC4}.Debug|x86.ActiveCfg = Debug|Any CPU
		{AF2D721B-6B22-4325-84D3-E5EE6263BEC4}.Release|Any CPU.ActiveCfg = Release|Any CPU
		{AF2D721B-6B22-4325-84D3-E5EE6263BEC4}.Release|Any CPU.Build.0 = Release|Any CPU
		{AF2D721B-6B22-4325-84D3-E5EE6263BEC4}.Release|Mixed Platforms.ActiveCfg = Release|Any CPU
		{AF2D721B-6B22-4325-84D3-E5EE6263BEC4}.Release|Mixed Platforms.Build.0 = Release|Any CPU
		{AF2D721B-6B22-4325-84D3-E5EE6263BEC4}.Release|x86.ActiveCfg = Release|Any CPU
		{9D83BD2E-8D84-4748-A884-F6DDACF3C8AC}.Debug|Any CPU.ActiveCfg = Debug|Any CPU
		{9D83BD2E-8D84-4748-A884-F6DDACF3C8AC}.Debug|Any CPU.Build.0 = Debug|Any CPU
		{9D83BD2E-8D84-4748-A884-F6DDACF3C8AC}.Debug|Mixed Platforms.ActiveCfg = Debug|Any CPU
		{9D83BD2E-8D84-4748-A884-F6DDACF3C8AC}.Debug|Mixed Platforms.Build.0 = Debug|Any CPU
		{9D83BD2E-8D84-4748-A884-F6DDACF3C8AC}.Debug|x86.ActiveCfg = Debug|Any CPU
		{9D83BD2E-8D84-4748-A884-F6DDACF3C8AC}.Release|Any CPU.ActiveCfg = Release|Any CPU
		{9D83BD2E-8D84-4748-A884-F6DDACF3C8AC}.Release|Any CPU.Build.0 = Release|Any CPU
		{9D83BD2E-8D84-4748-A884-F6DDACF3C8AC}.Release|Mixed Platforms.ActiveCfg = Release|Any CPU
		{9D83BD2E-8D84-4748-A884-F6DDACF3C8AC}.Release|Mixed Platforms.Build.0 = Release|Any CPU
		{9D83BD2E-8D84-4748-A884-F6DDACF3C8AC}.Release|x86.ActiveCfg = Release|Any CPU
		{147A4430-CC0F-4081-A615-1B9925B3FF96}.Debug|Any CPU.ActiveCfg = Release|x86
		{147A4430-CC0F-4081-A615-1B9925B3FF96}.Debug|Mixed Platforms.ActiveCfg = Debug|x86
		{147A4430-CC0F-4081-A615-1B9925B3FF96}.Debug|Mixed Platforms.Build.0 = Debug|x86
		{147A4430-CC0F-4081-A615-1B9925B3FF96}.Debug|x86.ActiveCfg = Debug|x86
		{147A4430-CC0F-4081-A615-1B9925B3FF96}.Debug|x86.Build.0 = Debug|x86
		{147A4430-CC0F-4081-A615-1B9925B3FF96}.Release|Any CPU.ActiveCfg = Release|x86
		{147A4430-CC0F-4081-A615-1B9925B3FF96}.Release|Mixed Platforms.ActiveCfg = Release|x86
		{147A4430-CC0F-4081-A615-1B9925B3FF96}.Release|Mixed Platforms.Build.0 = Release|x86
		{147A4430-CC0F-4081-A615-1B9925B3FF96}.Release|x86.ActiveCfg = Release|x86
		{147A4430-CC0F-4081-A615-1B9925B3FF96}.Release|x86.Build.0 = Release|x86
		{098FA498-D6A7-42CA-9EAE-A1C9CB12861E}.Debug|Any CPU.ActiveCfg = Debug|Any CPU
		{098FA498-D6A7-42CA-9EAE-A1C9CB12861E}.Debug|Any CPU.Build.0 = Debug|Any CPU
		{098FA498-D6A7-42CA-9EAE-A1C9CB12861E}.Debug|Mixed Platforms.ActiveCfg = Debug|Any CPU
		{098FA498-D6A7-42CA-9EAE-A1C9CB12861E}.Debug|Mixed Platforms.Build.0 = Debug|Any CPU
		{098FA498-D6A7-42CA-9EAE-A1C9CB12861E}.Debug|x86.ActiveCfg = Debug|Any CPU
		{098FA498-D6A7-42CA-9EAE-A1C9CB12861E}.Release|Any CPU.ActiveCfg = Release|Any CPU
		{098FA498-D6A7-42CA-9EAE-A1C9CB12861E}.Release|Any CPU.Build.0 = Release|Any CPU
		{098FA498-D6A7-42CA-9EAE-A1C9CB12861E}.Release|Mixed Platforms.ActiveCfg = Release|Any CPU
		{098FA498-D6A7-42CA-9EAE-A1C9CB12861E}.Release|Mixed Platforms.Build.0 = Release|Any CPU
		{098FA498-D6A7-42CA-9EAE-A1C9CB12861E}.Release|x86.ActiveCfg = Release|Any CPU
		{4A8E43A1-77E3-422E-816A-0D979FD54EAF}.Debug|Any CPU.ActiveCfg = Debug|Any CPU
		{4A8E43A1-77E3-422E-816A-0D979FD54EAF}.Debug|Any CPU.Build.0 = Debug|Any CPU
		{4A8E43A1-77E3-422E-816A-0D979FD54EAF}.Debug|Mixed Platforms.ActiveCfg = Debug|Any CPU
		{4A8E43A1-77E3-422E-816A-0D979FD54EAF}.Debug|Mixed Platforms.Build.0 = Debug|Any CPU
		{4A8E43A1-77E3-422E-816A-0D979FD54EAF}.Debug|x86.ActiveCfg = Debug|Any CPU
		{4A8E43A1-77E3-422E-816A-0D979FD54EAF}.Release|Any CPU.ActiveCfg = Release|Any CPU
		{4A8E43A1-77E3-422E-816A-0D979FD54EAF}.Release|Any CPU.Build.0 = Release|Any CPU
		{4A8E43A1-77E3-422E-816A-0D979FD54EAF}.Release|Mixed Platforms.ActiveCfg = Release|Any CPU
		{4A8E43A1-77E3-422E-816A-0D979FD54EAF}.Release|Mixed Platforms.Build.0 = Release|Any CPU
		{4A8E43A1-77E3-422E-816A-0D979FD54EAF}.Release|x86.ActiveCfg = Release|Any CPU
		{34B78607-322B-4D08-B013-351891952BB6}.Debug|Any CPU.ActiveCfg = Debug|Any CPU
		{34B78607-322B-4D08-B013-351891952BB6}.Debug|Any CPU.Build.0 = Debug|Any CPU
		{34B78607-322B-4D08-B013-351891952BB6}.Debug|Mixed Platforms.ActiveCfg = Debug|Any CPU
		{34B78607-322B-4D08-B013-351891952BB6}.Debug|Mixed Platforms.Build.0 = Debug|Any CPU
		{34B78607-322B-4D08-B013-351891952BB6}.Debug|x86.ActiveCfg = Debug|Any CPU
		{34B78607-322B-4D08-B013-351891952BB6}.Release|Any CPU.ActiveCfg = Release|Any CPU
		{34B78607-322B-4D08-B013-351891952BB6}.Release|Any CPU.Build.0 = Release|Any CPU
		{34B78607-322B-4D08-B013-351891952BB6}.Release|Mixed Platforms.ActiveCfg = Release|Any CPU
		{34B78607-322B-4D08-B013-351891952BB6}.Release|Mixed Platforms.Build.0 = Release|Any CPU
		{34B78607-322B-4D08-B013-351891952BB6}.Release|x86.ActiveCfg = Release|Any CPU
		{DFE4C954-F922-485A-B096-E9DF7305B9EB}.Debug|Any CPU.ActiveCfg = Debug|x86
		{DFE4C954-F922-485A-B096-E9DF7305B9EB}.Debug|Any CPU.Build.0 = Debug|x86
		{DFE4C954-F922-485A-B096-E9DF7305B9EB}.Debug|Mixed Platforms.ActiveCfg = Debug|x86
		{DFE4C954-F922-485A-B096-E9DF7305B9EB}.Debug|Mixed Platforms.Build.0 = Debug|x86
		{DFE4C954-F922-485A-B096-E9DF7305B9EB}.Debug|x86.ActiveCfg = Debug|x86
		{DFE4C954-F922-485A-B096-E9DF7305B9EB}.Debug|x86.Build.0 = Debug|x86
		{DFE4C954-F922-485A-B096-E9DF7305B9EB}.Release|Any CPU.ActiveCfg = Release|x86
		{DFE4C954-F922-485A-B096-E9DF7305B9EB}.Release|Mixed Platforms.ActiveCfg = Release|x86
		{DFE4C954-F922-485A-B096-E9DF7305B9EB}.Release|Mixed Platforms.Build.0 = Release|x86
		{DFE4C954-F922-485A-B096-E9DF7305B9EB}.Release|x86.ActiveCfg = Release|x86
		{DFE4C954-F922-485A-B096-E9DF7305B9EB}.Release|x86.Build.0 = Release|x86
		{4A391C85-B73D-4CD3-9E52-C885DECB3C60}.Debug|Any CPU.ActiveCfg = Debug|Any CPU
		{4A391C85-B73D-4CD3-9E52-C885DECB3C60}.Debug|Any CPU.Build.0 = Debug|Any CPU
		{4A391C85-B73D-4CD3-9E52-C885DECB3C60}.Debug|Mixed Platforms.ActiveCfg = Debug|Any CPU
		{4A391C85-B73D-4CD3-9E52-C885DECB3C60}.Debug|Mixed Platforms.Build.0 = Debug|Any CPU
		{4A391C85-B73D-4CD3-9E52-C885DECB3C60}.Debug|x86.ActiveCfg = Debug|Any CPU
		{4A391C85-B73D-4CD3-9E52-C885DECB3C60}.Release|Any CPU.ActiveCfg = Debug|Any CPU
		{4A391C85-B73D-4CD3-9E52-C885DECB3C60}.Release|Any CPU.Build.0 = Debug|Any CPU
		{4A391C85-B73D-4CD3-9E52-C885DECB3C60}.Release|Mixed Platforms.ActiveCfg = Debug|Any CPU
		{4A391C85-B73D-4CD3-9E52-C885DECB3C60}.Release|Mixed Platforms.Build.0 = Debug|Any CPU
		{4A391C85-B73D-4CD3-9E52-C885DECB3C60}.Release|x86.ActiveCfg = Debug|Any CPU
		{CB4455DD-1ADD-463F-9701-44466509DF0E}.Debug|Any CPU.ActiveCfg = Debug|Any CPU
		{CB4455DD-1ADD-463F-9701-44466509DF0E}.Debug|Any CPU.Build.0 = Debug|Any CPU
		{CB4455DD-1ADD-463F-9701-44466509DF0E}.Debug|Mixed Platforms.ActiveCfg = Debug|Any CPU
		{CB4455DD-1ADD-463F-9701-44466509DF0E}.Debug|Mixed Platforms.Build.0 = Debug|Any CPU
		{CB4455DD-1ADD-463F-9701-44466509DF0E}.Debug|x86.ActiveCfg = Debug|Any CPU
		{CB4455DD-1ADD-463F-9701-44466509DF0E}.Release|Any CPU.ActiveCfg = Release|Any CPU
		{CB4455DD-1ADD-463F-9701-44466509DF0E}.Release|Any CPU.Build.0 = Release|Any CPU
		{CB4455DD-1ADD-463F-9701-44466509DF0E}.Release|Mixed Platforms.ActiveCfg = Release|Any CPU
		{CB4455DD-1ADD-463F-9701-44466509DF0E}.Release|Mixed Platforms.Build.0 = Release|Any CPU
		{CB4455DD-1ADD-463F-9701-44466509DF0E}.Release|x86.ActiveCfg = Release|Any CPU
		{B7FD61B7-845A-48FA-A6B9-CCAF484F8839}.Debug|Any CPU.ActiveCfg = Debug|Any CPU
		{B7FD61B7-845A-48FA-A6B9-CCAF484F8839}.Debug|Any CPU.Build.0 = Debug|Any CPU
		{B7FD61B7-845A-48FA-A6B9-CCAF484F8839}.Debug|Mixed Platforms.ActiveCfg = Debug|Any CPU
		{B7FD61B7-845A-48FA-A6B9-CCAF484F8839}.Debug|Mixed Platforms.Build.0 = Debug|Any CPU
		{B7FD61B7-845A-48FA-A6B9-CCAF484F8839}.Debug|x86.ActiveCfg = Debug|Any CPU
		{B7FD61B7-845A-48FA-A6B9-CCAF484F8839}.Release|Any CPU.ActiveCfg = Debug|Any CPU
		{B7FD61B7-845A-48FA-A6B9-CCAF484F8839}.Release|Any CPU.Build.0 = Debug|Any CPU
		{B7FD61B7-845A-48FA-A6B9-CCAF484F8839}.Release|Mixed Platforms.ActiveCfg = Debug|Any CPU
		{B7FD61B7-845A-48FA-A6B9-CCAF484F8839}.Release|Mixed Platforms.Build.0 = Debug|Any CPU
		{B7FD61B7-845A-48FA-A6B9-CCAF484F8839}.Release|x86.ActiveCfg = Debug|Any CPU
		{7BE3F76F-0FFF-4719-85B3-68E94AA191EE}.Debug|Any CPU.ActiveCfg = Debug|Any CPU
		{7BE3F76F-0FFF-4719-85B3-68E94AA191EE}.Debug|Any CPU.Build.0 = Debug|Any CPU
		{7BE3F76F-0FFF-4719-85B3-68E94AA191EE}.Debug|Mixed Platforms.ActiveCfg = Debug|Any CPU
		{7BE3F76F-0FFF-4719-85B3-68E94AA191EE}.Debug|Mixed Platforms.Build.0 = Debug|Any CPU
		{7BE3F76F-0FFF-4719-85B3-68E94AA191EE}.Debug|x86.ActiveCfg = Debug|Any CPU
		{7BE3F76F-0FFF-4719-85B3-68E94AA191EE}.Release|Any CPU.ActiveCfg = Release|Any CPU
		{7BE3F76F-0FFF-4719-85B3-68E94AA191EE}.Release|Any CPU.Build.0 = Release|Any CPU
		{7BE3F76F-0FFF-4719-85B3-68E94AA191EE}.Release|Mixed Platforms.ActiveCfg = Release|Any CPU
		{7BE3F76F-0FFF-4719-85B3-68E94AA191EE}.Release|Mixed Platforms.Build.0 = Release|Any CPU
		{7BE3F76F-0FFF-4719-85B3-68E94AA191EE}.Release|x86.ActiveCfg = Release|Any CPU
	EndGlobalSection
	GlobalSection(SolutionProperties) = preSolution
		HideSolutionNode = FALSE
	EndGlobalSection
EndGlobal
