
Microsoft Visual Studio Solution File, Format Version 11.00
# Visual Studio 2010
Project("{FAE04EC0-301F-11D3-BF4B-00C04F79EFBC}") = "WanerDao.Service.WebSearch", "WanerDao.Service.WebSearch\WanerDao.Service.WebSearch.csproj", "{7F6FB241-5014-4061-AE17-28C1557740CE}"
EndProject
Project("{FAE04EC0-301F-11D3-BF4B-00C04F79EFBC}") = "WanerDao.Indexing.Database", "WanerDao.Indexing.Database\WanerDao.Indexing.Database.csproj", "{81B81885-71E8-4147-9C70-7E59990F45FF}"
EndProject
Project("{FAE04EC0-301F-11D3-BF4B-00C04F79EFBC}") = "WanerDao.Service.WcfSearch", "WanerDao.Service.WcfSearch\WanerDao.Service.WcfSearch.csproj", "{DCE48E3B-5D24-431C-8EFD-E7C0808A916D}"
EndProject
Global
	GlobalSection(SolutionConfigurationPlatforms) = preSolution
		Debug|Any CPU = Debug|Any CPU
		Debug|Mixed Platforms = Debug|Mixed Platforms
		Debug|x86 = Debug|x86
		Release|Any CPU = Release|Any CPU
		Release|Mixed Platforms = Release|Mixed Platforms
		Release|x86 = Release|x86
	EndGlobalSection
	GlobalSection(ProjectConfigurationPlatforms) = postSolution
		{7F6FB241-5014-4061-AE17-28C1557740CE}.Debug|Any CPU.ActiveCfg = Debug|x86
		{7F6FB241-5014-4061-AE17-28C1557740CE}.Debug|Mixed Platforms.ActiveCfg = Debug|x86
		{7F6FB241-5014-4061-AE17-28C1557740CE}.Debug|Mixed Platforms.Build.0 = Debug|x86
		{7F6FB241-5014-4061-AE17-28C1557740CE}.Debug|x86.ActiveCfg = Debug|x86
		{7F6FB241-5014-4061-AE17-28C1557740CE}.Debug|x86.Build.0 = Debug|x86
		{7F6FB241-5014-4061-AE17-28C1557740CE}.Release|Any CPU.ActiveCfg = Release|x86
		{7F6FB241-5014-4061-AE17-28C1557740CE}.Release|Mixed Platforms.ActiveCfg = Release|x86
		{7F6FB241-5014-4061-AE17-28C1557740CE}.Release|Mixed Platforms.Build.0 = Release|x86
		{7F6FB241-5014-4061-AE17-28C1557740CE}.Release|x86.ActiveCfg = Release|x86
		{7F6FB241-5014-4061-AE17-28C1557740CE}.Release|x86.Build.0 = Release|x86
		{81B81885-71E8-4147-9C70-7E59990F45FF}.Debug|Any CPU.ActiveCfg = Debug|Any CPU
		{81B81885-71E8-4147-9C70-7E59990F45FF}.Debug|Any CPU.Build.0 = Debug|Any CPU
		{81B81885-71E8-4147-9C70-7E59990F45FF}.Debug|Mixed Platforms.ActiveCfg = Debug|Any CPU
		{81B81885-71E8-4147-9C70-7E59990F45FF}.Debug|Mixed Platforms.Build.0 = Debug|Any CPU
		{81B81885-71E8-4147-9C70-7E59990F45FF}.Debug|x86.ActiveCfg = Debug|Any CPU
		{81B81885-71E8-4147-9C70-7E59990F45FF}.Release|Any CPU.ActiveCfg = Release|Any CPU
		{81B81885-71E8-4147-9C70-7E59990F45FF}.Release|Any CPU.Build.0 = Release|Any CPU
		{81B81885-71E8-4147-9C70-7E59990F45FF}.Release|Mixed Platforms.ActiveCfg = Release|Any CPU
		{81B81885-71E8-4147-9C70-7E59990F45FF}.Release|Mixed Platforms.Build.0 = Release|Any CPU
		{81B81885-71E8-4147-9C70-7E59990F45FF}.Release|x86.ActiveCfg = Release|Any CPU
		{DCE48E3B-5D24-431C-8EFD-E7C0808A916D}.Debug|Any CPU.ActiveCfg = Debug|Any CPU
		{DCE48E3B-5D24-431C-8EFD-E7C0808A916D}.Debug|Any CPU.Build.0 = Debug|Any CPU
		{DCE48E3B-5D24-431C-8EFD-E7C0808A916D}.Debug|Mixed Platforms.ActiveCfg = Debug|Any CPU
		{DCE48E3B-5D24-431C-8EFD-E7C0808A916D}.Debug|Mixed Platforms.Build.0 = Debug|Any CPU
		{DCE48E3B-5D24-431C-8EFD-E7C0808A916D}.Debug|x86.ActiveCfg = Debug|Any CPU
		{DCE48E3B-5D24-431C-8EFD-E7C0808A916D}.Release|Any CPU.ActiveCfg = Release|Any CPU
		{DCE48E3B-5D24-431C-8EFD-E7C0808A916D}.Release|Any CPU.Build.0 = Release|Any CPU
		{DCE48E3B-5D24-431C-8EFD-E7C0808A916D}.Release|Mixed Platforms.ActiveCfg = Release|Any CPU
		{DCE48E3B-5D24-431C-8EFD-E7C0808A916D}.Release|Mixed Platforms.Build.0 = Release|Any CPU
		{DCE48E3B-5D24-431C-8EFD-E7C0808A916D}.Release|x86.ActiveCfg = Release|Any CPU
	EndGlobalSection
	GlobalSection(SolutionProperties) = preSolution
		HideSolutionNode = FALSE
	EndGlobalSection
EndGlobal
